
Microsoft Visual Studio Solution File, Format Version 12.00
# Visual Studio Version 16
VisualStudioVersion = 16.0.33423.256
MinimumVisualStudioVersion = 10.0.40219.1
Project("{FAE04EC0-301F-11D3-BF4B-00C04F79EFBC}") = "WcfService", "WcfService\WcfService.csproj", "{8C72624B-27FC-4E2B-B546-B93E986E63A3}"
EndProject
Project("{FAE04EC0-301F-11D3-BF4B-00C04F79EFBC}") = "WcfServiceHost", "WcfServiceHost\WcfServiceHost.csproj", "{40EFE5FB-642D-4BFC-A165-16E11DB1B525}"
EndProject
Global
	GlobalSection(SolutionConfigurationPlatforms) = preSolution
		Debug|Any CPU = Debug|Any CPU
		Release|Any CPU = Release|Any CPU
	EndGlobalSection
	GlobalSection(ProjectConfigurationPlatforms) = postSolution
		{8C72624B-27FC-4E2B-B546-B93E986E63A3}.Debug|Any CPU.ActiveCfg = Debug|Any CPU
		{8C72624B-27FC-4E2B-B546-B93E986E63A3}.Debug|Any CPU.Build.0 = Debug|Any CPU
		{8C72624B-27FC-4E2B-B546-B93E986E63A3}.Release|Any CPU.ActiveCfg = Release|Any CPU
		{8C72624B-27FC-4E2B-B546-B93E986E63A3}.Release|Any CPU.Build.0 = Release|Any CPU
		{40EFE5FB-642D-4BFC-A165-16E11DB1B525}.Debug|Any CPU.ActiveCfg = Debug|Any CPU
		{40EFE5FB-642D-4BFC-A165-16E11DB1B525}.Debug|Any CPU.Build.0 = Debug|Any CPU
		{40EFE5FB-642D-4BFC-A165-16E11DB1B525}.Release|Any CPU.ActiveCfg = Release|Any CPU
		{40EFE5FB-642D-4BFC-A165-16E11DB1B525}.Release|Any CPU.Build.0 = Release|Any CPU
	EndGlobalSection
	GlobalSection(SolutionProperties) = preSolution
		HideSolutionNode = FALSE
	EndGlobalSection
	GlobalSection(ExtensibilityGlobals) = postSolution
		SolutionGuid = {FFE8BAAE-3030-46B4-B7E9-FA72BA742A81}
	EndGlobalSection
EndGlobal
